{
  "name": "anxious-helper",
  "version": "1.0.0",
  "lockfileVersion": 1,
  "requires": true,
  "dependencies": {
    "husky": {
      "version": "7.0.4",
      "resolved": "https://registry.npmmirror.com/husky/download/husky-7.0.4.tgz",
      "integrity": "sha1-JCBIJF3EnI+xvwzHz7mN1yJTFTU="
    }
  }
}
